
Microsoft Visual Studio Solution File, Format Version 12.00
# Visual Studio Version 17
VisualStudioVersion = 17.13.36105.23 d17.13
MinimumVisualStudioVersion = 10.0.40219.1
Project("{FAE04EC0-301F-11D3-BF4B-00C04F79EFBC}") = "gestionPersonnelSLAM", "gestionPersonnelSLAM\gestionPersonnelSLAM.csproj", "{3DC2E77A-7761-4EFA-AE7A-6CB6CF329D39}"
EndProject
Global
	GlobalSection(SolutionConfigurationPlatforms) = preSolution
		Debug|Any CPU = Debug|Any CPU
		Release|Any CPU = Release|Any CPU
	EndGlobalSection
	GlobalSection(ProjectConfigurationPlatforms) = postSolution
		{3DC2E77A-7761-4EFA-AE7A-6CB6CF329D39}.Debug|Any CPU.ActiveCfg = Debug|Any CPU
		{3DC2E77A-7761-4EFA-AE7A-6CB6CF329D39}.Debug|Any CPU.Build.0 = Debug|Any CPU
		{3DC2E77A-7761-4EFA-AE7A-6CB6CF329D39}.Release|Any CPU.ActiveCfg = Release|Any CPU
		{3DC2E77A-7761-4EFA-AE7A-6CB6CF329D39}.Release|Any CPU.Build.0 = Release|Any CPU
	EndGlobalSection
	GlobalSection(SolutionProperties) = preSolution
		HideSolutionNode = FALSE
	EndGlobalSection
	GlobalSection(ExtensibilityGlobals) = postSolution
		SolutionGuid = {2B42CF89-9B94-47C7-AA23-45AC99128126}
	EndGlobalSection
EndGlobal
